{
  "name": "vite-vue-ts",
  "version": "0.0.0",
  "lockfileVersion": 1,
  "requires": true,
  "dependencies": {
    "@babel/parser": {
      "version": "7.18.8",
      "resolved": "https://registry.npmmirror.com/@babel/parser/-/parser-7.18.8.tgz",
      "integrity": "sha512-RSKRfYX20dyH+elbJK2uqAkVyucL+xXzhqlMD5/ZXx+dAAwpyB7HsvnHe/ZUGOF+xLr5Wx9/JoXVTj6BQE2/oA=="
    },
    "@types/lodash": {
      "version": "4.14.182",
      "resolved": "https://registry.npmmirror.com/@types/lodash/-/lodash-4.14.182.tgz",
      "integrity": "sha512-/THyiqyQAP9AfARo4pF+aCGcyiQ94tX/Is2I7HofNRqoYLgN1PBoOWu2/zTA5zMxzP5EFutMtWtGAFRKUe961Q==",
      "dev": true
    },
    "@types/lodash-es": {
      "version": "4.17.6",
      "resolved": "https://registry.npmmirror.com/@types/lodash-es/-/lodash-es-4.17.6.tgz",
      "integrity": "sha512-R+zTeVUKDdfoRxpAryaQNRKk3105Rrgx2CFRClIgRGaqDTdjsm8h6IYA8ir584W3ePzkZfst5xIgDwYrlh9HLg==",
      "dev": true,
      "requires": {
        "@types/lodash": "*"
      }
    },
    "@types/node": {
      "version": "18.0.4",
      "resolved": "https://registry.npmmirror.com/@types/node/-/node-18.0.4.tgz",
      "integrity": "sha512-M0+G6V0Y4YV8cqzHssZpaNCqvYwlCiulmm0PwpNLF55r/+cT8Ol42CHRU1SEaYFH2rTwiiE1aYg/2g2rrtGdPA==",
      "dev": true
    },
    "@types/qrcode": {
      "version": "1.4.2",
      "resolved": "https://registry.npmmirror.com/@types/qrcode/-/qrcode-1.4.2.tgz",
      "integrity": "sha512-7uNT9L4WQTNJejHTSTdaJhfBSCN73xtXaHFyBJ8TSwiLhe4PRuTue7Iph0s2nG9R/ifUaSnGhLUOZavlBEqDWQ==",
      "dev": true,
      "requires": {
        "@types/node": "*"
      }
    },
    "@types/uuid": {
      "version": "8.3.4",
      "resolved": "https://registry.npmmirror.com/@types/uuid/-/uuid-8.3.4.tgz",
      "integrity": "sha512-c/I8ZRb51j+pYGAu5CrFMRxqZ2ke4y2grEBO5AUjgSkSk+qT2Ea+OdWElz/OiMf5MNpn2b17kuVBwZLQJXzihw==",
      "dev": true
    },
    "@vitejs/plugin-vue": {
      "version": "2.3.3",
      "resolved": "https://registry.npmmirror.com/@vitejs/plugin-vue/-/plugin-vue-2.3.3.tgz",
      "integrity": "sha512-SmQLDyhz+6lGJhPELsBdzXGc+AcaT8stgkbiTFGpXPe8Tl1tJaBw1A6pxDqDuRsVkD8uscrkx3hA7QDOoKYtyw==",
      "dev": true
    },
    "@volar/code-gen": {
      "version": "0.34.17",
      "resolved": "https://registry.npmmirror.com/@volar/code-gen/-/code-gen-0.34.17.tgz",
      "integrity": "sha512-rHR7BA71BJ/4S7xUOPMPiB7uk6iU9oTWpEMZxFi5VGC9iJmDncE82WzU5iYpcbOBCVHsOjMh0+5CGMgdO6SaPA==",
      "dev": true,
      "requires": {
        "@volar/source-map": "0.34.17"
      }
    },
    "@volar/source-map": {
      "version": "0.34.17",
      "resolved": "https://registry.npmmirror.com/@volar/source-map/-/source-map-0.34.17.tgz",
      "integrity": "sha512-3yn1IMXJGGWB/G817/VFlFMi8oh5pmE7VzUqvgMZMrppaZpKj6/juvJIEiXNxRsgWc0RxIO8OSp4htdPUg1Raw==",
      "dev": true
    },
    "@volar/vue-code-gen": {
      "version": "0.34.17",
      "resolved": "https://registry.npmmirror.com/@volar/vue-code-gen/-/vue-code-gen-0.34.17.tgz",
      "integrity": "sha512-17pzcK29fyFWUc+C82J3JYSnA+jy3QNrIldb9kPaP9Itbik05ZjEIyEue9FjhgIAuHeYSn4LDM5s6nGjxyfhsQ==",
      "dev": true,
      "requires": {
        "@volar/code-gen": "0.34.17",
        "@volar/source-map": "0.34.17",
        "@vue/compiler-core": "^3.2.36",
        "@vue/compiler-dom": "^3.2.36",
        "@vue/shared": "^3.2.36"
      }
    },
    "@volar/vue-typescript": {
      "version": "0.34.17",
      "resolved": "https://registry.npmmirror.com/@volar/vue-typescript/-/vue-typescript-0.34.17.tgz",
      "integrity": "sha512-U0YSVIBPRWVPmgJHNa4nrfq88+oS+tmyZNxmnfajIw9A/GOGZQiKXHC0k09SVvbYXlsjgJ6NIjhm9NuAhGRQjg==",
      "dev": true,
      "requires": {
        "@volar/code-gen": "0.34.17",
        "@volar/source-map": "0.34.17",
        "@volar/vue-code-gen": "0.34.17",
        "@vue/compiler-sfc": "^3.2.36",
        "@vue/reactivity": "^3.2.36"
      }
    },
    "@vue/compiler-core": {
      "version": "3.2.37",
      "resolved": "https://registry.npmmirror.com/@vue/compiler-core/-/compiler-core-3.2.37.tgz",
      "integrity": "sha512-81KhEjo7YAOh0vQJoSmAD68wLfYqJvoiD4ulyedzF+OEk/bk6/hx3fTNVfuzugIIaTrOx4PGx6pAiBRe5e9Zmg==",
      "requires": {
        "@babel/parser": "^7.16.4",
        "@vue/shared": "3.2.37",
        "estree-walker": "^2.0.2",
        "source-map": "^0.6.1"
      }
    },
    "@vue/compiler-dom": {
      "version": "3.2.37",
      "resolved": "https://registry.npmmirror.com/@vue/compiler-dom/-/compiler-dom-3.2.37.tgz",
      "integrity": "sha512-yxJLH167fucHKxaqXpYk7x8z7mMEnXOw3G2q62FTkmsvNxu4FQSu5+3UMb+L7fjKa26DEzhrmCxAgFLLIzVfqQ==",
      "requires": {
        "@vue/compiler-core": "3.2.37",
        "@vue/shared": "3.2.37"
      }
    },
    "@vue/compiler-sfc": {
      "version": "3.2.37",
      "resolved": "https://registry.npmmirror.com/@vue/compiler-sfc/-/compiler-sfc-3.2.37.tgz",
      "integrity": "sha512-+7i/2+9LYlpqDv+KTtWhOZH+pa8/HnX/905MdVmAcI/mPQOBwkHHIzrsEsucyOIZQYMkXUiTkmZq5am/NyXKkg==",
      "requires": {
        "@babel/parser": "^7.16.4",
        "@vue/compiler-core": "3.2.37",
        "@vue/compiler-dom": "3.2.37",
        "@vue/compiler-ssr": "3.2.37",
        "@vue/reactivity-transform": "3.2.37",
        "@vue/shared": "3.2.37",
        "estree-walker": "^2.0.2",
        "magic-string": "^0.25.7",
        "postcss": "^8.1.10",
        "source-map": "^0.6.1"
      }
    },
    "@vue/compiler-ssr": {
      "version": "3.2.37",
      "resolved": "https://registry.npmmirror.com/@vue/compiler-ssr/-/compiler-ssr-3.2.37.tgz",
      "integrity": "sha512-7mQJD7HdXxQjktmsWp/J67lThEIcxLemz1Vb5I6rYJHR5vI+lON3nPGOH3ubmbvYGt8xEUaAr1j7/tIFWiEOqw==",
      "requires": {
        "@vue/compiler-dom": "3.2.37",
        "@vue/shared": "3.2.37"
      }
    },
    "@vue/devtools-api": {
      "version": "6.2.1",
      "resolved": "https://registry.npmmirror.com/@vue/devtools-api/-/devtools-api-6.2.1.tgz",
      "integrity": "sha512-OEgAMeQXvCoJ+1x8WyQuVZzFo0wcyCmUR3baRVLmKBo1LmYZWMlRiXlux5jd0fqVJu6PfDbOrZItVqUEzLobeQ=="
    },
    "@vue/reactivity": {
      "version": "3.2.37",
      "resolved": "https://registry.npmmirror.com/@vue/reactivity/-/reactivity-3.2.37.tgz",
      "integrity": "sha512-/7WRafBOshOc6m3F7plwzPeCu/RCVv9uMpOwa/5PiY1Zz+WLVRWiy0MYKwmg19KBdGtFWsmZ4cD+LOdVPcs52A==",
      "requires": {
        "@vue/shared": "3.2.37"
      }
    },
    "@vue/reactivity-transform": {
      "version": "3.2.37",
      "resolved": "https://registry.npmmirror.com/@vue/reactivity-transform/-/reactivity-transform-3.2.37.tgz",
      "integrity": "sha512-IWopkKEb+8qpu/1eMKVeXrK0NLw9HicGviJzhJDEyfxTR9e1WtpnnbYkJWurX6WwoFP0sz10xQg8yL8lgskAZg==",
      "requires": {
        "@babel/parser": "^7.16.4",
        "@vue/compiler-core": "3.2.37",
        "@vue/shared": "3.2.37",
        "estree-walker": "^2.0.2",
        "magic-string": "^0.25.7"
      }
    },
    "@vue/runtime-core": {
      "version": "3.2.37",
      "resolved": "https://registry.npmmirror.com/@vue/runtime-core/-/runtime-core-3.2.37.tgz",
      "integrity": "sha512-JPcd9kFyEdXLl/i0ClS7lwgcs0QpUAWj+SKX2ZC3ANKi1U4DOtiEr6cRqFXsPwY5u1L9fAjkinIdB8Rz3FoYNQ==",
      "requires": {
        "@vue/reactivity": "3.2.37",
        "@vue/shared": "3.2.37"
      }
    },
    "@vue/runtime-dom": {
      "version": "3.2.37",
      "resolved": "https://registry.npmmirror.com/@vue/runtime-dom/-/runtime-dom-3.2.37.tgz",
      "integrity": "sha512-HimKdh9BepShW6YozwRKAYjYQWg9mQn63RGEiSswMbW+ssIht1MILYlVGkAGGQbkhSh31PCdoUcfiu4apXJoPw==",
      "requires": {
        "@vue/runtime-core": "3.2.37",
        "@vue/shared": "3.2.37",
        "csstype": "^2.6.8"
      }
    },
    "@vue/server-renderer": {
      "version": "3.2.37",
      "resolved": "https://registry.npmmirror.com/@vue/server-renderer/-/server-renderer-3.2.37.tgz",
      "integrity": "sha512-kLITEJvaYgZQ2h47hIzPh2K3jG8c1zCVbp/o/bzQOyvzaKiCquKS7AaioPI28GNxIsE/zSx+EwWYsNxDCX95MA==",
      "requires": {
        "@vue/compiler-ssr": "3.2.37",
        "@vue/shared": "3.2.37"
      }
    },
    "@vue/shared": {
      "version": "3.2.37",
      "resolved": "https://registry.npmmirror.com/@vue/shared/-/shared-3.2.37.tgz",
      "integrity": "sha512-4rSJemR2NQIo9Klm1vabqWjD8rs/ZaJSzMxkMNeJS6lHiUjjUeYFbooN19NgFjztubEKh3WlZUeOLVdbbUWHsw=="
    },
    "csstype": {
      "version": "2.6.20",
      "resolved": "https://registry.npmmirror.com/csstype/-/csstype-2.6.20.tgz",
      "integrity": "sha512-/WwNkdXfckNgw6S5R125rrW8ez139lBHWouiBvX8dfMFtcn6V81REDqnH7+CRpRipfYlyU1CmOnOxrmGcFOjeA=="
    },
    "estree-walker": {
      "version": "2.0.2",
      "resolved": "https://registry.npmmirror.com/estree-walker/-/estree-walker-2.0.2.tgz",
      "integrity": "sha512-Rfkk/Mp/DL7JVje3u18FxFujQlTNR2q6QfMSMB7AvCBx91NGj/ba3kCfza0f6dVDbw7YlRf/nDrn7pQrCCyQ/w=="
    },
    "magic-string": {
      "version": "0.25.9",
      "resolved": "https://registry.npmmirror.com/magic-string/-/magic-string-0.25.9.tgz",
      "integrity": "sha512-RmF0AsMzgt25qzqqLc1+MbHmhdx0ojF2Fvs4XnOqz2ZOBXzzkEwc/dJQZCYHAn7v1jbVOjAZfK8msRn4BxO4VQ==",
      "requires": {
        "sourcemap-codec": "^1.4.8"
      }
    },
    "nanoid": {
      "version": "3.3.4",
      "resolved": "https://registry.npmmirror.com/nanoid/-/nanoid-3.3.4.tgz",
      "integrity": "sha512-MqBkQh/OHTS2egovRtLk45wEyNXwF+cokD+1YPf9u5VfJiRdAiRwB2froX5Co9Rh20xs4siNPm8naNotSD6RBw=="
    },
    "picocolors": {
      "version": "1.0.0",
      "resolved": "https://registry.npmmirror.com/picocolors/-/picocolors-1.0.0.tgz",
      "integrity": "sha512-1fygroTLlHu66zi26VoTDv8yRgm0Fccecssto+MhsZ0D/DGW2sm8E8AjW7NU5VVTRt5GxbeZ5qBuJr+HyLYkjQ=="
    },
    "postcss": {
      "version": "8.4.14",
      "resolved": "https://registry.npmmirror.com/postcss/-/postcss-8.4.14.tgz",
      "integrity": "sha512-E398TUmfAYFPBSdzgeieK2Y1+1cpdxJx8yXbK/m57nRhKSmk1GB2tO4lbLBtlkfPQTDKfe4Xqv1ASWPpayPEig==",
      "requires": {
        "nanoid": "^3.3.4",
        "picocolors": "^1.0.0",
        "source-map-js": "^1.0.2"
      }
    },
    "source-map": {
      "version": "0.6.1",
      "resolved": "https://registry.npmmirror.com/source-map/-/source-map-0.6.1.tgz",
      "integrity": "sha512-UjgapumWlbMhkBgzT7Ykc5YXUT46F0iKu8SGXq0bcwP5dz/h0Plj6enJqjz1Zbq2l5WaqYnrVbwWOWMyF3F47g=="
    },
    "source-map-js": {
      "version": "1.0.2",
      "resolved": "https://registry.npmmirror.com/source-map-js/-/source-map-js-1.0.2.tgz",
      "integrity": "sha512-R0XvVJ9WusLiqTCEiGCmICCMplcCkIwwR11mOSD9CR5u+IXYdiseeEuXCVAjS54zqwkLcPNnmU4OeJ6tUrWhDw=="
    },
    "sourcemap-codec": {
      "version": "1.4.8",
      "resolved": "https://registry.npmmirror.com/sourcemap-codec/-/sourcemap-codec-1.4.8.tgz",
      "integrity": "sha512-9NykojV5Uih4lgo5So5dtw+f0JgJX30KCNI8gwhz2J9A15wD0Ml6tjHKwf6fTSa6fAdVBdZeNOs9eJ71qCk8vA=="
    },
    "typescript": {
      "version": "4.7.4",
      "resolved": "https://registry.npmmirror.com/typescript/-/typescript-4.7.4.tgz",
      "integrity": "sha512-C0WQT0gezHuw6AdY1M2jxUO83Rjf0HP7Sk1DtXj6j1EwkQNZrHAg2XPWlq62oqEhYvONq5pkC2Y9oPljWToLmQ==",
      "dev": true
    },
    "uuid": {
      "version": "8.3.2",
      "resolved": "https://registry.npmmirror.com/uuid/-/uuid-8.3.2.tgz",
      "integrity": "sha512-+NYs2QeMWy+GWFOEm9xnn6HCDp0l7QBD7ml8zLUmJ+93Q5NF0NocErnwkTkXVFNiX3/fpC6afS8Dhb/gz7R7eg=="
    },
    "vue": {
      "version": "3.2.37",
      "resolved": "https://registry.npmmirror.com/vue/-/vue-3.2.37.tgz",
      "integrity": "sha512-bOKEZxrm8Eh+fveCqS1/NkG/n6aMidsI6hahas7pa0w/l7jkbssJVsRhVDs07IdDq7h9KHswZOgItnwJAgtVtQ==",
      "requires": {
        "@vue/compiler-dom": "3.2.37",
        "@vue/compiler-sfc": "3.2.37",
        "@vue/runtime-dom": "3.2.37",
        "@vue/server-renderer": "3.2.37",
        "@vue/shared": "3.2.37"
      }
    },
    "vue-router": {
      "version": "4.1.2",
      "resolved": "https://registry.npmmirror.com/vue-router/-/vue-router-4.1.2.tgz",
      "integrity": "sha512-5BP1qXFncVRwgV/XnqzsKApdMjQPqWIpoUBdL1ynz8HyLxIX/UDAx7Ql2BjmA5CXT/p61JfZvkpiFWFpaqcfag==",
      "requires": {
        "@vue/devtools-api": "^6.1.4"
      }
    },
    "vue-tsc": {
      "version": "0.34.17",
      "resolved": "https://registry.npmmirror.com/vue-tsc/-/vue-tsc-0.34.17.tgz",
      "integrity": "sha512-jzUXky44ZLHC4daaJag7FQr3idlPYN719/K1eObGljz5KaS2UnVGTU/XSYCd7d6ampYYg4OsyalbHyJIxV0aEQ==",
      "dev": true,
      "requires": {
        "@volar/vue-typescript": "0.34.17"
      }
    }
  }
}
